
Microsoft Visual Studio Solution File, Format Version 12.00
# Visual Studio 15
VisualStudioVersion = 15.0.28307.329
MinimumVisualStudioVersion = 10.0.40219.1
Project("{FAE04EC0-301F-11D3-BF4B-00C04F79EFBC}") = "My_prg282_project", "My_prg282_project\My_prg282_project.csproj", "{055A63BE-8274-4513-B120-C247953E0972}"
EndProject
Global
	GlobalSection(SolutionConfigurationPlatforms) = preSolution
		Debug|Any CPU = Debug|Any CPU
		Release|Any CPU = Release|Any CPU
	EndGlobalSection
	GlobalSection(ProjectConfigurationPlatforms) = postSolution
		{055A63BE-8274-4513-B120-C247953E0972}.Debug|Any CPU.ActiveCfg = Debug|Any CPU
		{055A63BE-8274-4513-B120-C247953E0972}.Debug|Any CPU.Build.0 = Debug|Any CPU
		{055A63BE-8274-4513-B120-C247953E0972}.Release|Any CPU.ActiveCfg = Release|Any CPU
		{055A63BE-8274-4513-B120-C247953E0972}.Release|Any CPU.Build.0 = Release|Any CPU
	EndGlobalSection
	GlobalSection(SolutionProperties) = preSolution
		HideSolutionNode = FALSE
	EndGlobalSection
	GlobalSection(ExtensibilityGlobals) = postSolution
		SolutionGuid = {C50D21E2-A171-4037-8F29-2F7F8D5912B1}
	EndGlobalSection
EndGlobal
